Microsoft Visual Studio Solution File, Format Version 12.00
# Visual Studio Version 17
VisualStudioVersion = 17.10.35027.167
MinimumVisualStudioVersion = 10.0.40219.1
Project("{FAE04EC0-301F-11D3-BF4B-00C04F79EFBC}") = "AspireAppDemo.AppHost", "AspireAppDemo.AppHost\AspireAppDemo.AppHost.csproj", "{C1BD69D5-7173-4044-9EBF-852A4F80D85D}"
EndProject
Project("{9A19103F-16F7-4668-BE54-9A1E7A4F7556}") = "AspireAppDemo.ServiceDefaults", "AspireAppDemo.ServiceDefaults\AspireAppDemo.ServiceDefaults.csproj", "{8BBD773E-14AD-4F5A-8CE8-FDCEC896FA01}"
EndProject
Project("{9A19103F-16F7-4668-BE54-9A1E7A4F7556}") = "AspireAppDemo.ApiService", "AspireAppDemo.ApiService\AspireAppDemo.ApiService.csproj", "{2B3AB5C8-CD61-49F0-B630-CAC7ECDEF94D}"
EndProject
Project("{9A19103F-16F7-4668-BE54-9A1E7A4F7556}") = "AspireAppDemo.Web", "AspireAppDemo.Web\AspireAppDemo.Web.csproj", "{913AEE93-AE9A-402C-A1B5-9A57A274501E}"
EndProject
Project("{9A19103F-16F7-4668-BE54-9A1E7A4F7556}") = "AspireAppDemo.Tests", "AspireAppDemo.Tests\AspireAppDemo.Tests.csproj", "{ECDC9B6D-95A2-4CE9-AB69-9BCA019D26C7}"
EndProject
Global
	GlobalSection(SolutionConfigurationPlatforms) = preSolution
		Debug|Any CPU = Debug|Any CPU
		Release|Any CPU = Release|Any CPU
	EndGlobalSection
	GlobalSection(ProjectConfigurationPlatforms) = postSolution
		{C1BD69D5-7173-4044-9EBF-852A4F80D85D}.Debug|Any CPU.ActiveCfg = Debug|Any CPU
		{C1BD69D5-7173-4044-9EBF-852A4F80D85D}.Debug|Any CPU.Build.0 = Debug|Any CPU
		{C1BD69D5-7173-4044-9EBF-852A4F80D85D}.Release|Any CPU.ActiveCfg = Release|Any CPU
		{C1BD69D5-7173-4044-9EBF-852A4F80D85D}.Release|Any CPU.Build.0 = Release|Any CPU
		{8BBD773E-14AD-4F5A-8CE8-FDCEC896FA01}.Debug|Any CPU.ActiveCfg = Debug|Any CPU
		{8BBD773E-14AD-4F5A-8CE8-FDCEC896FA01}.Debug|Any CPU.Build.0 = Debug|Any CPU
		{8BBD773E-14AD-4F5A-8CE8-FDCEC896FA01}.Release|Any CPU.ActiveCfg = Release|Any CPU
		{8BBD773E-14AD-4F5A-8CE8-FDCEC896FA01}.Release|Any CPU.Build.0 = Release|Any CPU
		{2B3AB5C8-CD61-49F0-B630-CAC7ECDEF94D}.Debug|Any CPU.ActiveCfg = Debug|Any CPU
		{2B3AB5C8-CD61-49F0-B630-CAC7ECDEF94D}.Debug|Any CPU.Build.0 = Debug|Any CPU
		{2B3AB5C8-CD61-49F0-B630-CAC7ECDEF94D}.Release|Any CPU.ActiveCfg = Release|Any CPU
		{2B3AB5C8-CD61-49F0-B630-CAC7ECDEF94D}.Release|Any CPU.Build.0 = Release|Any CPU
		{913AEE93-AE9A-402C-A1B5-9A57A274501E}.Debug|Any CPU.ActiveCfg = Debug|Any CPU
		{913AEE93-AE9A-402C-A1B5-9A57A274501E}.Debug|Any CPU.Build.0 = Debug|Any CPU
		{913AEE93-AE9A-402C-A1B5-9A57A274501E}.Release|Any CPU.ActiveCfg = Release|Any CPU
		{913AEE93-AE9A-402C-A1B5-9A57A274501E}.Release|Any CPU.Build.0 = Release|Any CPU
		{ECDC9B6D-95A2-4CE9-AB69-9BCA019D26C7}.Debug|Any CPU.ActiveCfg = Debug|Any CPU
		{ECDC9B6D-95A2-4CE9-AB69-9BCA019D26C7}.Debug|Any CPU.Build.0 = Debug|Any CPU
		{ECDC9B6D-95A2-4CE9-AB69-9BCA019D26C7}.Release|Any CPU.ActiveCfg = Release|Any CPU
		{ECDC9B6D-95A2-4CE9-AB69-9BCA019D26C7}.Release|Any CPU.Build.0 = Release|Any CPU
	EndGlobalSection
	GlobalSection(SolutionProperties) = preSolution
		HideSolutionNode = FALSE
	EndGlobalSection
	GlobalSection(ExtensibilityGlobals) = postSolution
		SolutionGuid = {B406CC05-397B-44CE-A81C-C4D2EF1D4A21}
	EndGlobalSection
EndGlobal
